{
  "requires": true,
  "lockfileVersion": 1,
  "dependencies": {
    "stripe": {
      "version": "7.13.1",
      "resolved": "https://registry.npmjs.org/stripe/-/stripe-7.13.1.tgz",
      "integrity": "sha512-aF9F/M10MulZumSrwoDULBOZKqNUvyYA22Bg6u98VJEH/2Dck60W1FcT793WhsHHa/+z6TPR/8Ev7GNq1+SYOQ==",
      "requires": {
        "qs": "^6.6.0"
      },
      "dependencies": {
        "qs": {
          "version": "6.9.1",
          "resolved": "https://registry.npmjs.org/qs/-/qs-6.9.1.tgz",
          "integrity": "sha512-Cxm7/SS/y/Z3MHWSxXb8lIFqgqBowP5JMlTUFyJN88y0SGQhVmZnqFK/PeuMX9LzUyWsqqhNxIyg0jlzq946yA=="
        }
      }
    }
  }
}
